// !$*UTF8*$!
{
	archiveVersion = 1;
	classes = {
	};
	objectVersion = 50;
	objects = {

/* Begin PBXBuildFile section */
		4C17EDB42473EEAA00B2E07A /* AppDelegate.swift in Sources */ = {isa = PBXBuildFile; fileRef = 4C17EDB32473EEAA00B2E07A /* AppDelegate.swift */; };
		4C17EDB62473EEAA00B2E07A /* SceneDelegate.swift in Sources */ = {isa = PBXBuildFile; fileRef = 4C17EDB52473EEAA00B2E07A /* SceneDelegate.swift */; };
		4C17EDB82473EEAA00B2E07A /* ViewController.swift in Sources */ = {isa = PBXBuildFile; fileRef = 4C17EDB72473EEAA00B2E07A /* ViewController.swift */; };
		4C17EDBD2473EEAD00B2E07A /* Assets.xcassets in Resources */ = {isa = PBXBuildFile; fileRef = 4C17EDBC2473EEAD00B2E07A /* Assets.xcassets */; };
		4C17EDC02473EEAD00B2E07A /* LaunchScreen.storyboard in Resources */ = {isa = PBXBuildFile; fileRef = 4C17EDBE2473EEAD00B2E07A /* LaunchScreen.storyboard */; };
		4C17EDCC247424F900B2E07A /* UIColor+theme.swift in Sources */ = {isa = PBXBuildFile; fileRef = 4C17EDCB247424F900B2E07A /* UIColor+theme.swift */; };
		4C17EDD02474276F00B2E07A /* CustomNavigationController.swift in Sources */ = {isa = PBXBuildFile; fileRef = 4C17EDCF2474276F00B2E07A /* CustomNavigationController.swift */; };
		4C17EDD22475213100B2E07A /* Company.swift in Sources */ = {isa = PBXBuildFile; fileRef = 4C17EDD12475213100B2E07A /* Company.swift */; };
/* End PBXBuildFile section */

/* Begin PBXFileReference section */
		4C17EDB02473EEAA00B2E07A /* core_data_companies_01.app */ = {isa = PBXFileReference; explicitFileType = wrapper.application; includeInIndex = 0; path = core_data_companies_01.app; sourceTree = BUILT_PRODUCTS_DIR; };
		4C17EDB32473EEAA00B2E07A /* AppDelegate.swift */ = {isa = PBXFileReference; lastKnownFileType = sourcecode.swift; path = AppDelegate.swift; sourceTree = "<group>"; };
		4C17EDB52473EEAA00B2E07A /* SceneDelegate.swift */ = {isa = PBXFileReference; lastKnownFileType = sourcecode.swift; path = SceneDelegate.swift; sourceTree = "<group>"; };
		4C17EDB72473EEAA00B2E07A /* ViewController.swift */ = {isa = PBXFileReference; lastKnownFileType = sourcecode.swift; path = ViewController.swift; sourceTree = "<group>"; };
		4C17EDBC2473EEAD00B2E07A /* Assets.xcassets */ = {isa = PBXFileReference; lastKnownFileType = folder.assetcatalog; path = Assets.xcassets; sourceTree = "<group>"; };
		4C17EDBF2473EEAD00B2E07A /* Base */ = {isa = PBXFileReference; lastKnownFileType = file.storyboard; name = Base; path = Base.lproj/LaunchScreen.storyboard; sourceTree = "<group>"; };
		4C17EDC12473EEAD00B2E07A /* Info.plist */ = {isa = PBXFileReference; lastKnownFileType = text.plist.xml; path = Info.plist; sourceTree = "<group>"; };
		4C17EDCB247424F900B2E07A /* UIColor+theme.swift */ = {isa = PBXFileReference; lastKnownFileType = sourcecode.swift; path = "UIColor+theme.swift"; sourceTree = "<group>"; };
		4C17EDCF2474276F00B2E07A /* CustomNavigationController.swift */ = {isa = PBXFileReference; lastKnownFileType = sourcecode.swift; path = CustomNavigationController.swift; sourceTree = "<group>"; };
		4C17EDD12475213100B2E07A /* Company.swift */ = {isa = PBXFileReference; lastKnownFileType = sourcecode.swift; path = Company.swift; sourceTree = "<group>"; };
/* End PBXFileReference section */

/* Begin PBXFrameworksBuildPhase section */
		4C17EDAD2473EEAA00B2E07A /* Frameworks */ = {
			isa = PBXFrameworksBuildPhase;
			buildActionMask = 2147483647;
			files = (
			);
			runOnlyForDeploymentPostprocessing = 0;
		};
/* End PBXFrameworksBuildPhase section */

/* Begin PBXGroup section */
		4C17EDA72473EEAA00B2E07A = {
			isa = PBXGroup;
			children = (
				4C17EDB22473EEAA00B2E07A /* core_data_companies_01 */,
				4C17EDB12473EEAA00B2E07A /* Products */,
			);
			sourceTree = "<group>";
		};
		4C17EDB12473EEAA00B2E07A /* Products */ = {
			isa = PBXGroup;
			children = (
				4C17EDB02473EEAA00B2E07A /* core_data_companies_01.app */,
			);
			name = Products;
			sourceTree = "<group>";
		};
		4C17EDB22473EEAA00B2E07A /* core_data_companies_01 */ = {
			isa = PBXGroup;
			children = (
				4C17EDC72474245B00B2E07A /* Model */,
				4C17EDC82474249900B2E07A /* View */,
				4C17EDC9247424A200B2E07A /* Controller */,
				4C17EDCA247424BF00B2E07A /* Helpper */,
				4C17EDB32473EEAA00B2E07A /* AppDelegate.swift */,
				4C17EDB52473EEAA00B2E07A /* SceneDelegate.swift */,
				4C17EDB72473EEAA00B2E07A /* ViewController.swift */,
				4C17EDBC2473EEAD00B2E07A /* Assets.xcassets */,
				4C17EDBE2473EEAD00B2E07A /* LaunchScreen.storyboard */,
				4C17EDC12473EEAD00B2E07A /* Info.plist */,
			);
			path = core_data_companies_01;
			sourceTree = "<group>";
		};
		4C17EDC72474245B00B2E07A /* Model */ = {
			isa = PBXGroup;
			children = (
				4C17EDD12475213100B2E07A /* Company.swift */,
			);
			path = Model;
			sourceTree = "<group>";
		};
		4C17EDC82474249900B2E07A /* View */ = {
			isa = PBXGroup;
			children = (
			);
			path = View;
			sourceTree = "<group>";
		};
		4C17EDC9247424A200B2E07A /* Controller */ = {
			isa = PBXGroup;
			children = (
				4C17EDCF2474276F00B2E07A /* CustomNavigationController.swift */,
			);
			path = Controller;
			sourceTree = "<group>";
		};
		4C17EDCA247424BF00B2E07A /* Helpper */ = {
			isa = PBXGroup;
			children = (
				4C17EDCB247424F900B2E07A /* UIColor+theme.swift */,
			);
			path = Helpper;
			sourceTree = "<group>";
		};
/* End PBXGroup section */

/* Begin PBXNativeTarget section */
		4C17EDAF2473EEAA00B2E07A /* core_data_companies_01 */ = {
			isa = PBXNativeTarget;
			buildConfigurationList = 4C17EDC42473EEAD00B2E07A /* Build configuration list for PBXNativeTarget "core_data_companies_01" */;
			buildPhases = (
				4C17EDAC2473EEAA00B2E07A /* Sources */,
				4C17EDAD2473EEAA00B2E07A /* Frameworks */,
				4C17EDAE2473EEAA00B2E07A /* Resources */,
			);
			buildRules = (
			);
			dependencies = (
			);
			name = core_data_companies_01;
			productName = core_data_companies_01;
			productReference = 4C17EDB02473EEAA00B2E07A /* core_data_companies_01.app */;
			productType = "com.apple.product-type.application";
		};
/* End PBXNativeTarget section */

/* Begin PBXProject section */
		4C17EDA82473EEAA00B2E07A /* Project object */ = {
			isa = PBXProject;
			attributes = {
				LastSwiftUpdateCheck = 1140;
				LastUpgradeCheck = 1140;
				ORGANIZATIONNAME = "Dainis Putans";
				TargetAttributes = {
					4C17EDAF2473EEAA00B2E07A = {
						CreatedOnToolsVersion = 11.4.1;
					};
				};
			};
			buildConfigurationList = 4C17EDAB2473EEAA00B2E07A /* Build configuration list for PBXProject "core_data_companies_01" */;
			compatibilityVersion = "Xcode 9.3";
			developmentRegion = en;
			hasScannedForEncodings = 0;
			knownRegions = (
				en,
				Base,
			);
			mainGroup = 4C17EDA72473EEAA00B2E07A;
			productRefGroup = 4C17EDB12473EEAA00B2E07A /* Products */;
			projectDirPath = "";
			projectRoot = "";
			targets = (
				4C17EDAF2473EEAA00B2E07A /* core_data_companies_01 */,
			);
		};
/* End PBXProject section */

/* Begin PBXResourcesBuildPhase section */
		4C17EDAE2473EEAA00B2E07A /* Resources */ = {
			isa = PBXResourcesBuildPhase;
			buildActionMask = 2147483647;
			files = (
				4C17EDC02473EEAD00B2E07A /* LaunchScreen.storyboard in Resources */,
				4C17EDBD2473EEAD00B2E07A /* Assets.xcassets in Resources */,
			);
			runOnlyForDeploymentPostprocessing = 0;
		};
/* End PBXResourcesBuildPhase section */

/* Begin PBXSourcesBuildPhase section */
		4C17EDAC2473EEAA00B2E07A /* Sources */ = {
			isa = PBXSourcesBuildPhase;
			buildActionMask = 2147483647;
			files = (
				4C17EDB82473EEAA00B2E07A /* ViewController.swift in Sources */,
				4C17EDD02474276F00B2E07A /* CustomNavigationController.swift in Sources */,
				4C17EDCC247424F900B2E07A /* UIColor+theme.swift in Sources */,
				4C17EDB42473EEAA00B2E07A /* AppDelegate.swift in Sources */,
				4C17EDB62473EEAA00B2E07A /* SceneDelegate.swift in Sources */,
				4C17EDD22475213100B2E07A /* Company.swift in Sources */,
			);
			runOnlyForDeploymentPostprocessing = 0;
		};
/* End PBXSourcesBuildPhase section */

/* Begin PBXVariantGroup section */
		4C17EDBE2473EEAD00B2E07A /* LaunchScreen.storyboard */ = {
			isa = PBXVariantGroup;
			children = (
				4C17EDBF2473EEAD00B2E07A /* Base */,
			);
			name = LaunchScreen.storyboard;
			sourceTree = "<group>";
		};
/* End PBXVariantGroup section */

/* Begin XCBuildConfiguration section */
		4C17EDC22473EEAD00B2E07A /* Debug */ = {
			isa = XCBuildConfiguration;
			buildSettings = {
				ALWAYS_SEARCH_USER_PATHS = NO;
				CLANG_ANALYZER_NONNULL = YES;
				CLANG_ANALYZER_NUMBER_OBJECT_CONVERSION = YES_AGGRESSIVE;
				CLANG_CXX_LANGUAGE_STANDARD = "gnu++14";
				CLANG_CXX_LIBRARY = "libc++";
				CLANG_ENABLE_MODULES = YES;
				CLANG_ENABLE_OBJC_ARC = YES;
				CLANG_ENABLE_OBJC_WEAK = YES;
				CLANG_WARN_BLOCK_CAPTURE_AUTORELEASING = YES;
				CLANG_WARN_BOOL_CONVERSION = YES;
				CLANG_WARN_COMMA = YES;
				CLANG_WARN_CONSTANT_CONVERSION = YES;
				CLANG_WARN_DEPRECATED_OBJC_IMPLEMENTATIONS = YES;
				CLANG_WARN_DIRECT_OBJC_ISA_USAGE = YES_ERROR;
				CLANG_WARN_DOCUMENTATION_COMMENTS = YES;
				CLANG_WARN_EMPTY_BODY = YES;
				CLANG_WARN_ENUM_CONVERSION = YES;
				CLANG_WARN_INFINITE_RECURSION = YES;
				CLANG_WARN_INT_CONVERSION = YES;
				CLANG_WARN_NON_LITERAL_NULL_CONVERSION = YES;
				CLANG_WARN_OBJC_IMPLICIT_RETAIN_SELF = YES;
				CLANG_WARN_OBJC_LITERAL_CONVERSION = YES;
				CLANG_WARN_OBJC_ROOT_CLASS = YES_ERROR;
				CLANG_WARN_RANGE_LOOP_ANALYSIS = YES;
				CLANG_WARN_STRICT_PROTOTYPES = YES;
				CLANG_WARN_SUSPICIOUS_MOVE = YES;
				CLANG_WARN_UNGUARDED_AVAILABILITY = YES_AGGRESSIVE;
				CLANG_WARN_UNREACHABLE_CODE = YES;
				CLANG_WARN__DUPLICATE_METHOD_MATCH = YES;
				COPY_PHASE_STRIP = NO;
				DEBUG_INFORMATION_FORMAT = dwarf;
				ENABLE_STRICT_OBJC_MSGSEND = YES;
				ENABLE_TESTABILITY = YES;
				GCC_C_LANGUAGE_STANDARD = gnu11;
				GCC_DYNAMIC_NO_PIC = NO;
				GCC_NO_COMMON_BLOCKS = YES;
				GCC_OPTIMIZATION_LEVEL = 0;
				GCC_PREPROCESSOR_DEFINITIONS = (
					"DEBUG=1",
					"$(inherited)",
				);
				GCC_WARN_64_TO_32_BIT_CONVERSION = YES;
				GCC_WARN_ABOUT_RETURN_TYPE = YES_ERROR;
				GCC_WARN_UNDECLARED_SELECTOR = YES;
				GCC_WARN_UNINITIALIZED_AUTOS = YES_AGGRESSIVE;
				GCC_WARN_UNUSED_FUNCTION = YES;
				GCC_WARN_UNUSED_VARIABLE = YES;
				IPHONEOS_DEPLOYMENT_TARGET = 13.4;
				MTL_ENABLE_DEBUG_INFO = INCLUDE_SOURCE;
				MTL_FAST_MATH = YES;
				ONLY_ACTIVE_ARCH = YES;
				SDKROOT = iphoneos;
				SWIFT_ACTIVE_COMPILATION_CONDITIONS = DEBUG;
				SWIFT_OPTIMIZATION_LEVEL = "-Onone";
			};
			name = Debug;
		};
		4C17EDC32473EEAD00B2E07A /* Release */ = {
			isa = XCBuildConfiguration;
			buildSettings = {
				ALWAYS_SEARCH_USER_PATHS = NO;
				CLANG_ANALYZER_NONNULL = YES;
				CLANG_ANALYZER_NUMBER_OBJECT_CONVERSION = YES_AGGRESSIVE;
				CLANG_CXX_LANGUAGE_STANDARD = "gnu++14";
				CLANG_CXX_LIBRARY = "libc++";
				CLANG_ENABLE_MODULES = YES;
				CLANG_ENABLE_OBJC_ARC = YES;
				CLANG_ENABLE_OBJC_WEAK = YES;
				CLANG_WARN_BLOCK_CAPTURE_AUTORELEASING = YES;
				CLANG_WARN_BOOL_CONVERSION = YES;
				CLANG_WARN_COMMA = YES;
				CLANG_WARN_CONSTANT_CONVERSION = YES;
				CLANG_WARN_DEPRECATED_OBJC_IMPLEMENTATIONS = YES;
				CLANG_WARN_DIRECT_OBJC_ISA_USAGE = YES_ERROR;
				CLANG_WARN_DOCUMENTATION_COMMENTS = YES;
				CLANG_WARN_EMPTY_BODY = YES;
				CLANG_WARN_ENUM_CONVERSION = YES;
				CLANG_WARN_INFINITE_RECURSION = YES;
				CLANG_WARN_INT_CONVERSION = YES;
				CLANG_WARN_NON_LITERAL_NULL_CONVERSION = YES;
				CLANG_WARN_OBJC_IMPLICIT_RETAIN_SELF = YES;
				CLANG_WARN_OBJC_LITERAL_CONVERSION = YES;
				CLANG_WARN_OBJC_ROOT_CLASS = YES_ERROR;
				CLANG_WARN_RANGE_LOOP_ANALYSIS = YES;
				CLANG_WARN_STRICT_PROTOTYPES = YES;
				CLANG_WARN_SUSPICIOUS_MOVE = YES;
				CLANG_WARN_UNGUARDED_AVAILABILITY = YES_AGGRESSIVE;
				CLANG_WARN_UNREACHABLE_CODE = YES;
				CLANG_WARN__DUPLICATE_METHOD_MATCH = YES;
				COPY_PHASE_STRIP = NO;
				DEBUG_INFORMATION_FORMAT = "dwarf-with-dsym";
				ENABLE_NS_ASSERTIONS = NO;
				ENABLE_STRICT_OBJC_MSGSEND = YES;
				GCC_C_LANGUAGE_STANDARD = gnu11;
				GCC_NO_COMMON_BLOCKS = YES;
				GCC_WARN_64_TO_32_BIT_CONVERSION = YES;
				GCC_WARN_ABOUT_RETURN_TYPE = YES_ERROR;
				GCC_WARN_UNDECLARED_SELECTOR = YES;
				GCC_WARN_UNINITIALIZED_AUTOS = YES_AGGRESSIVE;
				GCC_WARN_UNUSED_FUNCTION = YES;
				GCC_WARN_UNUSED_VARIABLE = YES;
				IPHONEOS_DEPLOYMENT_TARGET = 13.4;
				MTL_ENABLE_DEBUG_INFO = NO;
				MTL_FAST_MATH = YES;
				SDKROOT = iphoneos;
				SWIFT_COMPILATION_MODE = wholemodule;
				SWIFT_OPTIMIZATION_LEVEL = "-O";
				VALIDATE_PRODUCT = YES;
			};
			name = Release;
		};
		4C17EDC52473EEAD00B2E07A /* Debug */ = {
			isa = XCBuildConfiguration;
			buildSettings = {
				ASSETCATALOG_COMPILER_APPICON_NAME = AppIcon;
				CODE_SIGN_STYLE = Automatic;
				DEVELOPMENT_TEAM = YJK478DDP8;
				INFOPLIST_FILE = core_data_companies_01/Info.plist;
				LD_RUNPATH_SEARCH_PATHS = (
					"$(inherited)",
					"@executable_path/Frameworks",
				);
				PRODUCT_BUNDLE_IDENTIFIER = "com.dainisputans.core-data-companies-01";
				PRODUCT_NAME = "$(TARGET_NAME)";
				SWIFT_VERSION = 5.0;
				TARGETED_DEVICE_FAMILY = "1,2";
			};
			name = Debug;
		};
		4C17EDC62473EEAD00B2E07A /* Release */ = {
			isa = XCBuildConfiguration;
			buildSettings = {
				ASSETCATALOG_COMPILER_APPICON_NAME = AppIcon;
				CODE_SIGN_STYLE = Automatic;
				DEVELOPMENT_TEAM = YJK478DDP8;
				INFOPLIST_FILE = core_data_companies_01/Info.plist;
				LD_RUNPATH_SEARCH_PATHS = (
					"$(inherited)",
					"@executable_path/Frameworks",
				);
				PRODUCT_BUNDLE_IDENTIFIER = "com.dainisputans.core-data-companies-01";
				PRODUCT_NAME = "$(TARGET_NAME)";
				SWIFT_VERSION = 5.0;
				TARGETED_DEVICE_FAMILY = "1,2";
			};
			name = Release;
		};
/* End XCBuildConfiguration section */

/* Begin XCConfigurationList section */
		4C17EDAB2473EEAA00B2E07A /* Build configuration list for PBXProject "core_data_companies_01" */ = {
			isa = XCConfigurationList;
			buildConfigurations = (
				4C17EDC22473EEAD00B2E07A /* Debug */,
				4C17EDC32473EEAD00B2E07A /* Release */,
			);
			defaultConfigurationIsVisible = 0;
			defaultConfigurationName = Release;
		};
		4C17EDC42473EEAD00B2E07A /* Build configuration list for PBXNativeTarget "core_data_companies_01" */ = {
			isa = XCConfigurationList;
			buildConfigurations = (
				4C17EDC52473EEAD00B2E07A /* Debug */,
				4C17EDC62473EEAD00B2E07A /* Release */,
			);
			defaultConfigurationIsVisible = 0;
			defaultConfigurationName = Release;
		};
/* End XCConfigurationList section */
	};
	rootObject = 4C17EDA82473EEAA00B2E07A /* Project object */;
}
